
Microsoft Visual Studio Solution File, Format Version 12.00
# Visual Studio Version 16
VisualStudioVersion = 16.0.30907.101
MinimumVisualStudioVersion = 10.0.40219.1
Project("{FAE04EC0-301F-11D3-BF4B-00C04F79EFBC}") = "BookZone", "BookZone\BookZone.csproj", "{7597E7D9-D8C7-4BA5-9CB0-B3DFF9EA3EC3}"
EndProject
Global
	GlobalSection(SolutionConfigurationPlatforms) = preSolution
		Debug|Any CPU = Debug|Any CPU
		Release|Any CPU = Release|Any CPU
	EndGlobalSection
	GlobalSection(ProjectConfigurationPlatforms) = postSolution
		{7597E7D9-D8C7-4BA5-9CB0-B3DFF9EA3EC3}.Debug|Any CPU.ActiveCfg = Debug|Any CPU
		{7597E7D9-D8C7-4BA5-9CB0-B3DFF9EA3EC3}.Debug|Any CPU.Build.0 = Debug|Any CPU
		{7597E7D9-D8C7-4BA5-9CB0-B3DFF9EA3EC3}.Release|Any CPU.ActiveCfg = Release|Any CPU
		{7597E7D9-D8C7-4BA5-9CB0-B3DFF9EA3EC3}.Release|Any CPU.Build.0 = Release|Any CPU
	EndGlobalSection
	GlobalSection(SolutionProperties) = preSolution
		HideSolutionNode = FALSE
	EndGlobalSection
	GlobalSection(ExtensibilityGlobals) = postSolution
		SolutionGuid = {DFD3C565-421A-4C79-B05C-E5991DA2F141}
	EndGlobalSection
EndGlobal
